// !$*UTF8*$!
{
	archiveVersion = 1;
	classes = {
	};
	objectVersion = 56;
	objects = {

/* Begin PBXBuildFile section */
		4E8A208628F4FAF5003C48FB /* BadgeBackground.swift in Sources */ = {isa = PBXBuildFile; fileRef = 4E8A208528F4FAF5003C48FB /* BadgeBackground.swift */; };
		4E8A208828F50080003C48FB /* BadgeSymbol.swift in Sources */ = {isa = PBXBuildFile; fileRef = 4E8A208728F50080003C48FB /* BadgeSymbol.swift */; };
		4E8A208A28F5043A003C48FB /* RotatedBadgeSymbol.swift in Sources */ = {isa = PBXBuildFile; fileRef = 4E8A208928F5043A003C48FB /* RotatedBadgeSymbol.swift */; };
		4E8A208C28F50541003C48FB /* Badge.swift in Sources */ = {isa = PBXBuildFile; fileRef = 4E8A208B28F50541003C48FB /* Badge.swift */; };
		4E8A208F28F5075C003C48FB /* HexagonParameters.swift in Sources */ = {isa = PBXBuildFile; fileRef = 4E8A208E28F5075C003C48FB /* HexagonParameters.swift */; };
		4ED12DB228E3E55E00D984FE /* LandmarksApp.swift in Sources */ = {isa = PBXBuildFile; fileRef = 4ED12DB128E3E55E00D984FE /* LandmarksApp.swift */; };
		4ED12DB428E3E55E00D984FE /* ContentView.swift in Sources */ = {isa = PBXBuildFile; fileRef = 4ED12DB328E3E55E00D984FE /* ContentView.swift */; };
		4ED12DB628E3E56000D984FE /* Assets.xcassets in Resources */ = {isa = PBXBuildFile; fileRef = 4ED12DB528E3E56000D984FE /* Assets.xcassets */; };
		4ED12DB928E3E56000D984FE /* Preview Assets.xcassets in Resources */ = {isa = PBXBuildFile; fileRef = 4ED12DB828E3E56000D984FE /* Preview Assets.xcassets */; };
		4ED12DC328E3E56000D984FE /* LandmarksTests.swift in Sources */ = {isa = PBXBuildFile; fileRef = 4ED12DC228E3E56000D984FE /* LandmarksTests.swift */; };
		4ED12DCD28E3E56000D984FE /* LandmarksUITests.swift in Sources */ = {isa = PBXBuildFile; fileRef = 4ED12DCC28E3E56000D984FE /* LandmarksUITests.swift */; };
		4ED12DCF28E3E56000D984FE /* LandmarksUITestsLaunchTests.swift in Sources */ = {isa = PBXBuildFile; fileRef = 4ED12DCE28E3E56000D984FE /* LandmarksUITestsLaunchTests.swift */; };
		4ED12DE028E539D500D984FE /* landmarkData.json in Resources */ = {isa = PBXBuildFile; fileRef = 4ED12DDF28E539D500D984FE /* landmarkData.json */; };
		4ED12DE228E53A2600D984FE /* Landmark.swift in Sources */ = {isa = PBXBuildFile; fileRef = 4ED12DE128E53A2600D984FE /* Landmark.swift */; };
		4ED12DE428E53C6F00D984FE /* ModelData.swift in Sources */ = {isa = PBXBuildFile; fileRef = 4ED12DE328E53C6F00D984FE /* ModelData.swift */; };
		4ED12DEC28E53E7D00D984FE /* CircleImage.swift in Sources */ = {isa = PBXBuildFile; fileRef = 4ED12DE628E53DF300D984FE /* CircleImage.swift */; };
		4ED12DED28E53E7D00D984FE /* MapView.swift in Sources */ = {isa = PBXBuildFile; fileRef = 4ED12DE728E53DF300D984FE /* MapView.swift */; };
		4ED12DF228E53F2300D984FE /* LandmarkRow.swift in Sources */ = {isa = PBXBuildFile; fileRef = 4ED12DF128E53F2300D984FE /* LandmarkRow.swift */; };
		4ED12DF428EBD15400D984FE /* LandmarkList.swift in Sources */ = {isa = PBXBuildFile; fileRef = 4ED12DF328EBD15400D984FE /* LandmarkList.swift */; };
		4ED12DF628EBD32F00D984FE /* LandmarkDetail.swift in Sources */ = {isa = PBXBuildFile; fileRef = 4ED12DF528EBD32F00D984FE /* LandmarkDetail.swift */; };
		4ED12DF828F05B9500D984FE /* FavoriteButton.swift in Sources */ = {isa = PBXBuildFile; fileRef = 4ED12DF728F05B9500D984FE /* FavoriteButton.swift */; };
/* End PBXBuildFile section */

/* Begin PBXContainerItemProxy section */
		4ED12DBF28E3E56000D984FE /* PBXContainerItemProxy */ = {
			isa = PBXContainerItemProxy;
			containerPortal = 4ED12DA628E3E55E00D984FE /* Project object */;
			proxyType = 1;
			remoteGlobalIDString = 4ED12DAD28E3E55E00D984FE;
			remoteInfo = Landmarks;
		};
		4ED12DC928E3E56000D984FE /* PBXContainerItemProxy */ = {
			isa = PBXContainerItemProxy;
			containerPortal = 4ED12DA628E3E55E00D984FE /* Project object */;
			proxyType = 1;
			remoteGlobalIDString = 4ED12DAD28E3E55E00D984FE;
			remoteInfo = Landmarks;
		};
/* End PBXContainerItemProxy section */

/* Begin PBXFileReference section */
		4E8A208528F4FAF5003C48FB /* BadgeBackground.swift */ = {isa = PBXFileReference; lastKnownFileType = sourcecode.swift; path = BadgeBackground.swift; sourceTree = "<group>"; };
		4E8A208728F50080003C48FB /* BadgeSymbol.swift */ = {isa = PBXFileReference; lastKnownFileType = sourcecode.swift; path = BadgeSymbol.swift; sourceTree = "<group>"; };
		4E8A208928F5043A003C48FB /* RotatedBadgeSymbol.swift */ = {isa = PBXFileReference; lastKnownFileType = sourcecode.swift; path = RotatedBadgeSymbol.swift; sourceTree = "<group>"; };
		4E8A208B28F50541003C48FB /* Badge.swift */ = {isa = PBXFileReference; lastKnownFileType = sourcecode.swift; path = Badge.swift; sourceTree = "<group>"; };
		4E8A208E28F5075C003C48FB /* HexagonParameters.swift */ = {isa = PBXFileReference; fileEncoding = 4; lastKnownFileType = sourcecode.swift; path = HexagonParameters.swift; sourceTree = "<group>"; };
		4ED12DAE28E3E55E00D984FE /* Landmarks.app */ = {isa = PBXFileReference; explicitFileType = wrapper.application; includeInIndex = 0; path = Landmarks.app; sourceTree = BUILT_PRODUCTS_DIR; };
		4ED12DB128E3E55E00D984FE /* LandmarksApp.swift */ = {isa = PBXFileReference; lastKnownFileType = sourcecode.swift; path = LandmarksApp.swift; sourceTree = "<group>"; };
		4ED12DB328E3E55E00D984FE /* ContentView.swift */ = {isa = PBXFileReference; lastKnownFileType = sourcecode.swift; path = ContentView.swift; sourceTree = "<group>"; };
		4ED12DB528E3E56000D984FE /* Assets.xcassets */ = {isa = PBXFileReference; lastKnownFileType = folder.assetcatalog; path = Assets.xcassets; sourceTree = "<group>"; };
		4ED12DB828E3E56000D984FE /* Preview Assets.xcassets */ = {isa = PBXFileReference; lastKnownFileType = folder.assetcatalog; path = "Preview Assets.xcassets"; sourceTree = "<group>"; };
		4ED12DBE28E3E56000D984FE /* LandmarksTests.xctest */ = {isa = PBXFileReference; explicitFileType = wrapper.cfbundle; includeInIndex = 0; path = LandmarksTests.xctest; sourceTree = BUILT_PRODUCTS_DIR; };
		4ED12DC228E3E56000D984FE /* LandmarksTests.swift */ = {isa = PBXFileReference; lastKnownFileType = sourcecode.swift; path = LandmarksTests.swift; sourceTree = "<group>"; };
		4ED12DC828E3E56000D984FE /* LandmarksUITests.xctest */ = {isa = PBXFileReference; explicitFileType = wrapper.cfbundle; includeInIndex = 0; path = LandmarksUITests.xctest; sourceTree = BUILT_PRODUCTS_DIR; };
		4ED12DCC28E3E56000D984FE /* LandmarksUITests.swift */ = {isa = PBXFileReference; lastKnownFileType = sourcecode.swift; path = LandmarksUITests.swift; sourceTree = "<group>"; };
		4ED12DCE28E3E56000D984FE /* LandmarksUITestsLaunchTests.swift */ = {isa = PBXFileReference; lastKnownFileType = sourcecode.swift; path = LandmarksUITestsLaunchTests.swift; sourceTree = "<group>"; };
		4ED12DDF28E539D500D984FE /* landmarkData.json */ = {isa = PBXFileReference; fileEncoding = 4; lastKnownFileType = text.json; path = landmarkData.json; sourceTree = "<group>"; };
		4ED12DE128E53A2600D984FE /* Landmark.swift */ = {isa = PBXFileReference; lastKnownFileType = sourcecode.swift; path = Landmark.swift; sourceTree = "<group>"; };
		4ED12DE328E53C6F00D984FE /* ModelData.swift */ = {isa = PBXFileReference; lastKnownFileType = sourcecode.swift; path = ModelData.swift; sourceTree = "<group>"; };
		4ED12DE628E53DF300D984FE /* CircleImage.swift */ = {isa = PBXFileReference; lastKnownFileType = sourcecode.swift; path = CircleImage.swift; sourceTree = "<group>"; };
		4ED12DE728E53DF300D984FE /* MapView.swift */ = {isa = PBXFileReference; lastKnownFileType = sourcecode.swift; path = MapView.swift; sourceTree = "<group>"; };
		4ED12DF128E53F2300D984FE /* LandmarkRow.swift */ = {isa = PBXFileReference; lastKnownFileType = sourcecode.swift; path = LandmarkRow.swift; sourceTree = "<group>"; };
		4ED12DF328EBD15400D984FE /* LandmarkList.swift */ = {isa = PBXFileReference; lastKnownFileType = sourcecode.swift; path = LandmarkList.swift; sourceTree = "<group>"; };
		4ED12DF528EBD32F00D984FE /* LandmarkDetail.swift */ = {isa = PBXFileReference; lastKnownFileType = sourcecode.swift; path = LandmarkDetail.swift; sourceTree = "<group>"; };
		4ED12DF728F05B9500D984FE /* FavoriteButton.swift */ = {isa = PBXFileReference; lastKnownFileType = sourcecode.swift; path = FavoriteButton.swift; sourceTree = "<group>"; };
/* End PBXFileReference section */

/* Begin PBXFrameworksBuildPhase section */
		4ED12DAB28E3E55E00D984FE /* Frameworks */ = {
			isa = PBXFrameworksBuildPhase;
			buildActionMask = 2147483647;
			files = (
			);
			runOnlyForDeploymentPostprocessing = 0;
		};
		4ED12DBB28E3E56000D984FE /* Frameworks */ = {
			isa = PBXFrameworksBuildPhase;
			buildActionMask = 2147483647;
			files = (
			);
			runOnlyForDeploymentPostprocessing = 0;
		};
		4ED12DC528E3E56000D984FE /* Frameworks */ = {
			isa = PBXFrameworksBuildPhase;
			buildActionMask = 2147483647;
			files = (
			);
			runOnlyForDeploymentPostprocessing = 0;
		};
/* End PBXFrameworksBuildPhase section */

/* Begin PBXGroup section */
		4E8A208D28F506DA003C48FB /* Badges */ = {
			isa = PBXGroup;
			children = (
				4E8A208728F50080003C48FB /* BadgeSymbol.swift */,
				4E8A208928F5043A003C48FB /* RotatedBadgeSymbol.swift */,
				4E8A208B28F50541003C48FB /* Badge.swift */,
				4E8A208E28F5075C003C48FB /* HexagonParameters.swift */,
				4E8A208528F4FAF5003C48FB /* BadgeBackground.swift */,
			);
			path = Badges;
			sourceTree = "<group>";
		};
		4ED12DA528E3E55E00D984FE = {
			isa = PBXGroup;
			children = (
				4ED12DB028E3E55E00D984FE /* Landmarks */,
				4ED12DC128E3E56000D984FE /* LandmarksTests */,
				4ED12DCB28E3E56000D984FE /* LandmarksUITests */,
				4ED12DAF28E3E55E00D984FE /* Products */,
			);
			sourceTree = "<group>";
		};
		4ED12DAF28E3E55E00D984FE /* Products */ = {
			isa = PBXGroup;
			children = (
				4ED12DAE28E3E55E00D984FE /* Landmarks.app */,
				4ED12DBE28E3E56000D984FE /* LandmarksTests.xctest */,
				4ED12DC828E3E56000D984FE /* LandmarksUITests.xctest */,
			);
			name = Products;
			sourceTree = "<group>";
		};
		4ED12DB028E3E55E00D984FE /* Landmarks */ = {
			isa = PBXGroup;
			children = (
				4ED12DB128E3E55E00D984FE /* LandmarksApp.swift */,
				4ED12DEF28E53EC100D984FE /* Resources */,
				4ED12DF028E53ED800D984FE /* Model */,
				4ED12DEE28E53EA000D984FE /* Views */,
				4ED12DB528E3E56000D984FE /* Assets.xcassets */,
				4ED12DB728E3E56000D984FE /* Preview Content */,
			);
			path = Landmarks;
			sourceTree = "<group>";
		};
		4ED12DB728E3E56000D984FE /* Preview Content */ = {
			isa = PBXGroup;
			children = (
				4ED12DB828E3E56000D984FE /* Preview Assets.xcassets */,
			);
			path = "Preview Content";
			sourceTree = "<group>";
		};
		4ED12DC128E3E56000D984FE /* LandmarksTests */ = {
			isa = PBXGroup;
			children = (
				4ED12DC228E3E56000D984FE /* LandmarksTests.swift */,
			);
			path = LandmarksTests;
			sourceTree = "<group>";
		};
		4ED12DCB28E3E56000D984FE /* LandmarksUITests */ = {
			isa = PBXGroup;
			children = (
				4ED12DCC28E3E56000D984FE /* LandmarksUITests.swift */,
				4ED12DCE28E3E56000D984FE /* LandmarksUITestsLaunchTests.swift */,
			);
			path = LandmarksUITests;
			sourceTree = "<group>";
		};
		4ED12DEE28E53EA000D984FE /* Views */ = {
			isa = PBXGroup;
			children = (
				4E8A208D28F506DA003C48FB /* Badges */,
				4ED12DF928F05CDC00D984FE /* Helpers  */,
				4ED12DFA28F05CFA00D984FE /* Landmarks */,
				4ED12DB328E3E55E00D984FE /* ContentView.swift */,
			);
			path = Views;
			sourceTree = "<group>";
		};
		4ED12DEF28E53EC100D984FE /* Resources */ = {
			isa = PBXGroup;
			children = (
				4ED12DDF28E539D500D984FE /* landmarkData.json */,
			);
			path = Resources;
			sourceTree = "<group>";
		};
		4ED12DF028E53ED800D984FE /* Model */ = {
			isa = PBXGroup;
			children = (
				4ED12DE128E53A2600D984FE /* Landmark.swift */,
				4ED12DE328E53C6F00D984FE /* ModelData.swift */,
			);
			path = Model;
			sourceTree = "<group>";
		};
		4ED12DF928F05CDC00D984FE /* Helpers  */ = {
			isa = PBXGroup;
			children = (
				4ED12DE628E53DF300D984FE /* CircleImage.swift */,
				4ED12DF728F05B9500D984FE /* FavoriteButton.swift */,
				4ED12DE728E53DF300D984FE /* MapView.swift */,
			);
			path = "Helpers ";
			sourceTree = "<group>";
		};
		4ED12DFA28F05CFA00D984FE /* Landmarks */ = {
			isa = PBXGroup;
			children = (
				4ED12DF528EBD32F00D984FE /* LandmarkDetail.swift */,
				4ED12DF128E53F2300D984FE /* LandmarkRow.swift */,
				4ED12DF328EBD15400D984FE /* LandmarkList.swift */,
			);
			path = Landmarks;
			sourceTree = "<group>";
		};
/* End PBXGroup section */

/* Begin PBXNativeTarget section */
		4ED12DAD28E3E55E00D984FE /* Landmarks */ = {
			isa = PBXNativeTarget;
			buildConfigurationList = 4ED12DD228E3E56000D984FE /* Build configuration list for PBXNativeTarget "Landmarks" */;
			buildPhases = (
				4ED12DAA28E3E55E00D984FE /* Sources */,
				4ED12DAB28E3E55E00D984FE /* Frameworks */,
				4ED12DAC28E3E55E00D984FE /* Resources */,
			);
			buildRules = (
			);
			dependencies = (
			);
			name = Landmarks;
			productName = Landmarks;
			productReference = 4ED12DAE28E3E55E00D984FE /* Landmarks.app */;
			productType = "com.apple.product-type.application";
		};
		4ED12DBD28E3E56000D984FE /* LandmarksTests */ = {
			isa = PBXNativeTarget;
			buildConfigurationList = 4ED12DD528E3E56000D984FE /* Build configuration list for PBXNativeTarget "LandmarksTests" */;
			buildPhases = (
				4ED12DBA28E3E56000D984FE /* Sources */,
				4ED12DBB28E3E56000D984FE /* Frameworks */,
				4ED12DBC28E3E56000D984FE /* Resources */,
			);
			buildRules = (
			);
			dependencies = (
				4ED12DC028E3E56000D984FE /* PBXTargetDependency */,
			);
			name = LandmarksTests;
			productName = LandmarksTests;
			productReference = 4ED12DBE28E3E56000D984FE /* LandmarksTests.xctest */;
			productType = "com.apple.product-type.bundle.unit-test";
		};
		4ED12DC728E3E56000D984FE /* LandmarksUITests */ = {
			isa = PBXNativeTarget;
			buildConfigurationList = 4ED12DD828E3E56000D984FE /* Build configuration list for PBXNativeTarget "LandmarksUITests" */;
			buildPhases = (
				4ED12DC428E3E56000D984FE /* Sources */,
				4ED12DC528E3E56000D984FE /* Frameworks */,
				4ED12DC628E3E56000D984FE /* Resources */,
			);
			buildRules = (
			);
			dependencies = (
				4ED12DCA28E3E56000D984FE /* PBXTargetDependency */,
			);
			name = LandmarksUITests;
			productName = LandmarksUITests;
			productReference = 4ED12DC828E3E56000D984FE /* LandmarksUITests.xctest */;
			productType = "com.apple.product-type.bundle.ui-testing";
		};
/* End PBXNativeTarget section */

/* Begin PBXProject section */
		4ED12DA628E3E55E00D984FE /* Project object */ = {
			isa = PBXProject;
			attributes = {
				BuildIndependentTargetsInParallel = 1;
				LastSwiftUpdateCheck = 1400;
				LastUpgradeCheck = 1400;
				TargetAttributes = {
					4ED12DAD28E3E55E00D984FE = {
						CreatedOnToolsVersion = 14.0;
					};
					4ED12DBD28E3E56000D984FE = {
						CreatedOnToolsVersion = 14.0;
						TestTargetID = 4ED12DAD28E3E55E00D984FE;
					};
					4ED12DC728E3E56000D984FE = {
						CreatedOnToolsVersion = 14.0;
						TestTargetID = 4ED12DAD28E3E55E00D984FE;
					};
				};
			};
			buildConfigurationList = 4ED12DA928E3E55E00D984FE /* Build configuration list for PBXProject "Landmarks" */;
			compatibilityVersion = "Xcode 14.0";
			developmentRegion = en;
			hasScannedForEncodings = 0;
			knownRegions = (
				en,
				Base,
			);
			mainGroup = 4ED12DA528E3E55E00D984FE;
			productRefGroup = 4ED12DAF28E3E55E00D984FE /* Products */;
			projectDirPath = "";
			projectRoot = "";
			targets = (
				4ED12DAD28E3E55E00D984FE /* Landmarks */,
				4ED12DBD28E3E56000D984FE /* LandmarksTests */,
				4ED12DC728E3E56000D984FE /* LandmarksUITests */,
			);
		};
/* End PBXProject section */

/* Begin PBXResourcesBuildPhase section */
		4ED12DAC28E3E55E00D984FE /* Resources */ = {
			isa = PBXResourcesBuildPhase;
			buildActionMask = 2147483647;
			files = (
				4ED12DB928E3E56000D984FE /* Preview Assets.xcassets in Resources */,
				4ED12DB628E3E56000D984FE /* Assets.xcassets in Resources */,
				4ED12DE028E539D500D984FE /* landmarkData.json in Resources */,
			);
			runOnlyForDeploymentPostprocessing = 0;
		};
		4ED12DBC28E3E56000D984FE /* Resources */ = {
			isa = PBXResourcesBuildPhase;
			buildActionMask = 2147483647;
			files = (
			);
			runOnlyForDeploymentPostprocessing = 0;
		};
		4ED12DC628E3E56000D984FE /* Resources */ = {
			isa = PBXResourcesBuildPhase;
			buildActionMask = 2147483647;
			files = (
			);
			runOnlyForDeploymentPostprocessing = 0;
		};
/* End PBXResourcesBuildPhase section */

/* Begin PBXSourcesBuildPhase section */
		4ED12DAA28E3E55E00D984FE /* Sources */ = {
			isa = PBXSourcesBuildPhase;
			buildActionMask = 2147483647;
			files = (
				4E8A208F28F5075C003C48FB /* HexagonParameters.swift in Sources */,
				4ED12DB428E3E55E00D984FE /* ContentView.swift in Sources */,
				4E8A208C28F50541003C48FB /* Badge.swift in Sources */,
				4ED12DED28E53E7D00D984FE /* MapView.swift in Sources */,
				4ED12DB228E3E55E00D984FE /* LandmarksApp.swift in Sources */,
				4ED12DF828F05B9500D984FE /* FavoriteButton.swift in Sources */,
				4E8A208A28F5043A003C48FB /* RotatedBadgeSymbol.swift in Sources */,
				4E8A208828F50080003C48FB /* BadgeSymbol.swift in Sources */,
				4ED12DF428EBD15400D984FE /* LandmarkList.swift in Sources */,
				4ED12DF628EBD32F00D984FE /* LandmarkDetail.swift in Sources */,
				4E8A208628F4FAF5003C48FB /* BadgeBackground.swift in Sources */,
				4ED12DE228E53A2600D984FE /* Landmark.swift in Sources */,
				4ED12DE428E53C6F00D984FE /* ModelData.swift in Sources */,
				4ED12DF228E53F2300D984FE /* LandmarkRow.swift in Sources */,
				4ED12DEC28E53E7D00D984FE /* CircleImage.swift in Sources */,
			);
			runOnlyForDeploymentPostprocessing = 0;
		};
		4ED12DBA28E3E56000D984FE /* Sources */ = {
			isa = PBXSourcesBuildPhase;
			buildActionMask = 2147483647;
			files = (
				4ED12DC328E3E56000D984FE /* LandmarksTests.swift in Sources */,
			);
			runOnlyForDeploymentPostprocessing = 0;
		};
		4ED12DC428E3E56000D984FE /* Sources */ = {
			isa = PBXSourcesBuildPhase;
			buildActionMask = 2147483647;
			files = (
				4ED12DCF28E3E56000D984FE /* LandmarksUITestsLaunchTests.swift in Sources */,
				4ED12DCD28E3E56000D984FE /* LandmarksUITests.swift in Sources */,
			);
			runOnlyForDeploymentPostprocessing = 0;
		};
/* End PBXSourcesBuildPhase section */

/* Begin PBXTargetDependency section */
		4ED12DC028E3E56000D984FE /* PBXTargetDependency */ = {
			isa = PBXTargetDependency;
			target = 4ED12DAD28E3E55E00D984FE /* Landmarks */;
			targetProxy = 4ED12DBF28E3E56000D984FE /* PBXContainerItemProxy */;
		};
		4ED12DCA28E3E56000D984FE /* PBXTargetDependency */ = {
			isa = PBXTargetDependency;
			target = 4ED12DAD28E3E55E00D984FE /* Landmarks */;
			targetProxy = 4ED12DC928E3E56000D984FE /* PBXContainerItemProxy */;
		};
/* End PBXTargetDependency section */

/* Begin XCBuildConfiguration section */
		4ED12DD028E3E56000D984FE /* Debug */ = {
			isa = XCBuildConfiguration;
			buildSettings = {
				ALWAYS_SEARCH_USER_PATHS = NO;
				CLANG_ANALYZER_NONNULL = YES;
				CLANG_ANALYZER_NUMBER_OBJECT_CONVERSION = YES_AGGRESSIVE;
				CLANG_CXX_LANGUAGE_STANDARD = "gnu++20";
				CLANG_ENABLE_MODULES = YES;
				CLANG_ENABLE_OBJC_ARC = YES;
				CLANG_ENABLE_OBJC_WEAK = YES;
				CLANG_WARN_BLOCK_CAPTURE_AUTORELEASING = YES;
				CLANG_WARN_BOOL_CONVERSION = YES;
				CLANG_WARN_COMMA = YES;
				CLANG_WARN_CONSTANT_CONVERSION = YES;
				CLANG_WARN_DEPRECATED_OBJC_IMPLEMENTATIONS = YES;
				CLANG_WARN_DIRECT_OBJC_ISA_USAGE = YES_ERROR;
				CLANG_WARN_DOCUMENTATION_COMMENTS = YES;
				CLANG_WARN_EMPTY_BODY = YES;
				CLANG_WARN_ENUM_CONVERSION = YES;
				CLANG_WARN_INFINITE_RECURSION = YES;
				CLANG_WARN_INT_CONVERSION = YES;
				CLANG_WARN_NON_LITERAL_NULL_CONVERSION = YES;
				CLANG_WARN_OBJC_IMPLICIT_RETAIN_SELF = YES;
				CLANG_WARN_OBJC_LITERAL_CONVERSION = YES;
				CLANG_WARN_OBJC_ROOT_CLASS = YES_ERROR;
				CLANG_WARN_QUOTED_INCLUDE_IN_FRAMEWORK_HEADER = YES;
				CLANG_WARN_RANGE_LOOP_ANALYSIS = YES;
				CLANG_WARN_STRICT_PROTOTYPES = YES;
				CLANG_WARN_SUSPICIOUS_MOVE = YES;
				CLANG_WARN_UNGUARDED_AVAILABILITY = YES_AGGRESSIVE;
				CLANG_WARN_UNREACHABLE_CODE = YES;
				CLANG_WARN__DUPLICATE_METHOD_MATCH = YES;
				COPY_PHASE_STRIP = NO;
				DEBUG_INFORMATION_FORMAT = dwarf;
				ENABLE_STRICT_OBJC_MSGSEND = YES;
				ENABLE_TESTABILITY = YES;
				GCC_C_LANGUAGE_STANDARD = gnu11;
				GCC_DYNAMIC_NO_PIC = NO;
				GCC_NO_COMMON_BLOCKS = YES;
				GCC_OPTIMIZATION_LEVEL = 0;
				GCC_PREPROCESSOR_DEFINITIONS = (
					"DEBUG=1",
					"$(inherited)",
				);
				GCC_WARN_64_TO_32_BIT_CONVERSION = YES;
				GCC_WARN_ABOUT_RETURN_TYPE = YES_ERROR;
				GCC_WARN_UNDECLARED_SELECTOR = YES;
				GCC_WARN_UNINITIALIZED_AUTOS = YES_AGGRESSIVE;
				GCC_WARN_UNUSED_FUNCTION = YES;
				GCC_WARN_UNUSED_VARIABLE = YES;
				IPHONEOS_DEPLOYMENT_TARGET = 16.0;
				MTL_ENABLE_DEBUG_INFO = INCLUDE_SOURCE;
				MTL_FAST_MATH = YES;
				ONLY_ACTIVE_ARCH = YES;
				SDKROOT = iphoneos;
				SWIFT_ACTIVE_COMPILATION_CONDITIONS = DEBUG;
				SWIFT_OPTIMIZATION_LEVEL = "-Onone";
			};
			name = Debug;
		};
		4ED12DD128E3E56000D984FE /* Release */ = {
			isa = XCBuildConfiguration;
			buildSettings = {
				ALWAYS_SEARCH_USER_PATHS = NO;
				CLANG_ANALYZER_NONNULL = YES;
				CLANG_ANALYZER_NUMBER_OBJECT_CONVERSION = YES_AGGRESSIVE;
				CLANG_CXX_LANGUAGE_STANDARD = "gnu++20";
				CLANG_ENABLE_MODULES = YES;
				CLANG_ENABLE_OBJC_ARC = YES;
				CLANG_ENABLE_OBJC_WEAK = YES;
				CLANG_WARN_BLOCK_CAPTURE_AUTORELEASING = YES;
				CLANG_WARN_BOOL_CONVERSION = YES;
				CLANG_WARN_COMMA = YES;
				CLANG_WARN_CONSTANT_CONVERSION = YES;
				CLANG_WARN_DEPRECATED_OBJC_IMPLEMENTATIONS = YES;
				CLANG_WARN_DIRECT_OBJC_ISA_USAGE = YES_ERROR;
				CLANG_WARN_DOCUMENTATION_COMMENTS = YES;
				CLANG_WARN_EMPTY_BODY = YES;
				CLANG_WARN_ENUM_CONVERSION = YES;
				CLANG_WARN_INFINITE_RECURSION = YES;
				CLANG_WARN_INT_CONVERSION = YES;
				CLANG_WARN_NON_LITERAL_NULL_CONVERSION = YES;
				CLANG_WARN_OBJC_IMPLICIT_RETAIN_SELF = YES;
				CLANG_WARN_OBJC_LITERAL_CONVERSION = YES;
				CLANG_WARN_OBJC_ROOT_CLASS = YES_ERROR;
				CLANG_WARN_QUOTED_INCLUDE_IN_FRAMEWORK_HEADER = YES;
				CLANG_WARN_RANGE_LOOP_ANALYSIS = YES;
				CLANG_WARN_STRICT_PROTOTYPES = YES;
				CLANG_WARN_SUSPICIOUS_MOVE = YES;
				CLANG_WARN_UNGUARDED_AVAILABILITY = YES_AGGRESSIVE;
				CLANG_WARN_UNREACHABLE_CODE = YES;
				CLANG_WARN__DUPLICATE_METHOD_MATCH = YES;
				COPY_PHASE_STRIP = NO;
				DEBUG_INFORMATION_FORMAT = "dwarf-with-dsym";
				ENABLE_NS_ASSERTIONS = NO;
				ENABLE_STRICT_OBJC_MSGSEND = YES;
				GCC_C_LANGUAGE_STANDARD = gnu11;
				GCC_NO_COMMON_BLOCKS = YES;
				GCC_WARN_64_TO_32_BIT_CONVERSION = YES;
				GCC_WARN_ABOUT_RETURN_TYPE = YES_ERROR;
				GCC_WARN_UNDECLARED_SELECTOR = YES;
				GCC_WARN_UNINITIALIZED_AUTOS = YES_AGGRESSIVE;
				GCC_WARN_UNUSED_FUNCTION = YES;
				GCC_WARN_UNUSED_VARIABLE = YES;
				IPHONEOS_DEPLOYMENT_TARGET = 16.0;
				MTL_ENABLE_DEBUG_INFO = NO;
				MTL_FAST_MATH = YES;
				SDKROOT = iphoneos;
				SWIFT_COMPILATION_MODE = wholemodule;
				SWIFT_OPTIMIZATION_LEVEL = "-O";
				VALIDATE_PRODUCT = YES;
			};
			name = Release;
		};
		4ED12DD328E3E56000D984FE /* Debug */ = {
			isa = XCBuildConfiguration;
			buildSettings = {
				ASSETCATALOG_COMPILER_APPICON_NAME = AppIcon;
				ASSETCATALOG_COMPILER_GLOBAL_ACCENT_COLOR_NAME = AccentColor;
				CODE_SIGN_STYLE = Automatic;
				CURRENT_PROJECT_VERSION = 1;
				DEVELOPMENT_ASSET_PATHS = "\"Landmarks/Preview Content\"";
				ENABLE_PREVIEWS = YES;
				GENERATE_INFOPLIST_FILE = YES;
				INFOPLIST_KEY_UIApplicationSceneManifest_Generation = YES;
				INFOPLIST_KEY_UIApplicationSupportsIndirectInputEvents = YES;
				INFOPLIST_KEY_UILaunchScreen_Generation = YES;
				INFOPLIST_KEY_UISupportedInterfaceOrientations_iPad = "UIInterfaceOrientationPortrait UIInterfaceOrientationPortraitUpsideDown UIInterfaceOrientationLandscapeLeft UIInterfaceOrientationLandscapeRight";
				INFOPLIST_KEY_UISupportedInterfaceOrientations_iPhone = "UIInterfaceOrientationPortrait UIInterfaceOrientationLandscapeLeft UIInterfaceOrientationLandscapeRight";
				LD_RUNPATH_SEARCH_PATHS = (
					"$(inherited)",
					"@executable_path/Frameworks",
				);
				MARKETING_VERSION = 1.0;
				PRODUCT_BUNDLE_IDENTIFIER = firstproject.Landmarks;
				PRODUCT_NAME = "$(TARGET_NAME)";
				SWIFT_EMIT_LOC_STRINGS = YES;
				SWIFT_VERSION = 5.0;
				TARGETED_DEVICE_FAMILY = "1,2";
			};
			name = Debug;
		};
		4ED12DD428E3E56000D984FE /* Release */ = {
			isa = XCBuildConfiguration;
			buildSettings = {
				ASSETCATALOG_COMPILER_APPICON_NAME = AppIcon;
				ASSETCATALOG_COMPILER_GLOBAL_ACCENT_COLOR_NAME = AccentColor;
				CODE_SIGN_STYLE = Automatic;
				CURRENT_PROJECT_VERSION = 1;
				DEVELOPMENT_ASSET_PATHS = "\"Landmarks/Preview Content\"";
				ENABLE_PREVIEWS = YES;
				GENERATE_INFOPLIST_FILE = YES;
				INFOPLIST_KEY_UIApplicationSceneManifest_Generation = YES;
				INFOPLIST_KEY_UIApplicationSupportsIndirectInputEvents = YES;
				INFOPLIST_KEY_UILaunchScreen_Generation = YES;
				INFOPLIST_KEY_UISupportedInterfaceOrientations_iPad = "UIInterfaceOrientationPortrait UIInterfaceOrientationPortraitUpsideDown UIInterfaceOrientationLandscapeLeft UIInterfaceOrientationLandscapeRight";
				INFOPLIST_KEY_UISupportedInterfaceOrientations_iPhone = "UIInterfaceOrientationPortrait UIInterfaceOrientationLandscapeLeft UIInterfaceOrientationLandscapeRight";
				LD_RUNPATH_SEARCH_PATHS = (
					"$(inherited)",
					"@executable_path/Frameworks",
				);
				MARKETING_VERSION = 1.0;
				PRODUCT_BUNDLE_IDENTIFIER = firstproject.Landmarks;
				PRODUCT_NAME = "$(TARGET_NAME)";
				SWIFT_EMIT_LOC_STRINGS = YES;
				SWIFT_VERSION = 5.0;
				TARGETED_DEVICE_FAMILY = "1,2";
			};
			name = Release;
		};
		4ED12DD628E3E56000D984FE /* Debug */ = {
			isa = XCBuildConfiguration;
			buildSettings = {
				ALWAYS_EMBED_SWIFT_STANDARD_LIBRARIES = YES;
				BUNDLE_LOADER = "$(TEST_HOST)";
				CODE_SIGN_STYLE = Automatic;
				CURRENT_PROJECT_VERSION = 1;
				GENERATE_INFOPLIST_FILE = YES;
				IPHONEOS_DEPLOYMENT_TARGET = 16.0;
				MARKETING_VERSION = 1.0;
				PRODUCT_BUNDLE_IDENTIFIER = firstproject.LandmarksTests;
				PRODUCT_NAME = "$(TARGET_NAME)";
				SWIFT_EMIT_LOC_STRINGS = NO;
				SWIFT_VERSION = 5.0;
				TARGETED_DEVICE_FAMILY = "1,2";
				TEST_HOST = "$(BUILT_PRODUCTS_DIR)/Landmarks.app/$(BUNDLE_EXECUTABLE_FOLDER_PATH)/Landmarks";
			};
			name = Debug;
		};
		4ED12DD728E3E56000D984FE /* Release */ = {
			isa = XCBuildConfiguration;
			buildSettings = {
				ALWAYS_EMBED_SWIFT_STANDARD_LIBRARIES = YES;
				BUNDLE_LOADER = "$(TEST_HOST)";
				CODE_SIGN_STYLE = Automatic;
				CURRENT_PROJECT_VERSION = 1;
				GENERATE_INFOPLIST_FILE = YES;
				IPHONEOS_DEPLOYMENT_TARGET = 16.0;
				MARKETING_VERSION = 1.0;
				PRODUCT_BUNDLE_IDENTIFIER = firstproject.LandmarksTests;
				PRODUCT_NAME = "$(TARGET_NAME)";
				SWIFT_EMIT_LOC_STRINGS = NO;
				SWIFT_VERSION = 5.0;
				TARGETED_DEVICE_FAMILY = "1,2";
				TEST_HOST = "$(BUILT_PRODUCTS_DIR)/Landmarks.app/$(BUNDLE_EXECUTABLE_FOLDER_PATH)/Landmarks";
			};
			name = Release;
		};
		4ED12DD928E3E56000D984FE /* Debug */ = {
			isa = XCBuildConfiguration;
			buildSettings = {
				ALWAYS_EMBED_SWIFT_STANDARD_LIBRARIES = YES;
				CODE_SIGN_STYLE = Automatic;
				CURRENT_PROJECT_VERSION = 1;
				GENERATE_INFOPLIST_FILE = YES;
				MARKETING_VERSION = 1.0;
				PRODUCT_BUNDLE_IDENTIFIER = firstproject.LandmarksUITests;
				PRODUCT_NAME = "$(TARGET_NAME)";
				SWIFT_EMIT_LOC_STRINGS = NO;
				SWIFT_VERSION = 5.0;
				TARGETED_DEVICE_FAMILY = "1,2";
				TEST_TARGET_NAME = Landmarks;
			};
			name = Debug;
		};
		4ED12DDA28E3E56000D984FE /* Release */ = {
			isa = XCBuildConfiguration;
			buildSettings = {
				ALWAYS_EMBED_SWIFT_STANDARD_LIBRARIES = YES;
				CODE_SIGN_STYLE = Automatic;
				CURRENT_PROJECT_VERSION = 1;
				GENERATE_INFOPLIST_FILE = YES;
				MARKETING_VERSION = 1.0;
				PRODUCT_BUNDLE_IDENTIFIER = firstproject.LandmarksUITests;
				PRODUCT_NAME = "$(TARGET_NAME)";
				SWIFT_EMIT_LOC_STRINGS = NO;
				SWIFT_VERSION = 5.0;
				TARGETED_DEVICE_FAMILY = "1,2";
				TEST_TARGET_NAME = Landmarks;
			};
			name = Release;
		};
/* End XCBuildConfiguration section */

/* Begin XCConfigurationList section */
		4ED12DA928E3E55E00D984FE /* Build configuration list for PBXProject "Landmarks" */ = {
			isa = XCConfigurationList;
			buildConfigurations = (
				4ED12DD028E3E56000D984FE /* Debug */,
				4ED12DD128E3E56000D984FE /* Release */,
			);
			defaultConfigurationIsVisible = 0;
			defaultConfigurationName = Release;
		};
		4ED12DD228E3E56000D984FE /* Build configuration list for PBXNativeTarget "Landmarks" */ = {
			isa = XCConfigurationList;
			buildConfigurations = (
				4ED12DD328E3E56000D984FE /* Debug */,
				4ED12DD428E3E56000D984FE /* Release */,
			);
			defaultConfigurationIsVisible = 0;
			defaultConfigurationName = Release;
		};
		4ED12DD528E3E56000D984FE /* Build configuration list for PBXNativeTarget "LandmarksTests" */ = {
			isa = XCConfigurationList;
			buildConfigurations = (
				4ED12DD628E3E56000D984FE /* Debug */,
				4ED12DD728E3E56000D984FE /* Release */,
			);
			defaultConfigurationIsVisible = 0;
			defaultConfigurationName = Release;
		};
		4ED12DD828E3E56000D984FE /* Build configuration list for PBXNativeTarget "LandmarksUITests" */ = {
			isa = XCConfigurationList;
			buildConfigurations = (
				4ED12DD928E3E56000D984FE /* Debug */,
				4ED12DDA28E3E56000D984FE /* Release */,
			);
			defaultConfigurationIsVisible = 0;
			defaultConfigurationName = Release;
		};
/* End XCConfigurationList section */
	};
	rootObject = 4ED12DA628E3E55E00D984FE /* Project object */;
}
